
Microsoft Visual Studio Solution File, Format Version 12.00
# Visual Studio Version 16
VisualStudioVersion = 16.0.31515.178
MinimumVisualStudioVersion = 10.0.40219.1
Project("{FAE04EC0-301F-11D3-BF4B-00C04F79EFBC}") = "ShoppingList", "ShoppingList\ShoppingList.csproj", "{F9FA0883-812F-4738-BBE8-CFC37404FE4E}"
EndProject
Project("{FAE04EC0-301F-11D3-BF4B-00C04F79EFBC}") = "ShoppingList.DAL", "ShopinList.DAL\ShoppingList.DAL.csproj", "{BFFB0235-3A70-46BF-99AC-2172F3EDF9B3}"
EndProject
Project("{FAE04EC0-301F-11D3-BF4B-00C04F79EFBC}") = "ShoppingList.BLL", "ShopingList.Model\ShoppingList.BLL.csproj", "{D81131EC-B4C2-4409-A422-7D90B7C07FEA}"
EndProject
Project("{FAE04EC0-301F-11D3-BF4B-00C04F79EFBC}") = "BaseVM", "BaseVM\BaseVM.csproj", "{5E8ED9C6-A325-41B6-8D71-C39ADEF3F749}"
EndProject
Project("{9A19103F-16F7-4668-BE54-9A1E7A4F7556}") = "TestProject2", "TestProject2\TestProject2.csproj", "{1478598A-19E0-4850-9013-B4C0F79CE330}"
EndProject
Global
	GlobalSection(SolutionConfigurationPlatforms) = preSolution
		Debug|Any CPU = Debug|Any CPU
		Release|Any CPU = Release|Any CPU
	EndGlobalSection
	GlobalSection(ProjectConfigurationPlatforms) = postSolution
		{F9FA0883-812F-4738-BBE8-CFC37404FE4E}.Debug|Any CPU.ActiveCfg = Debug|Any CPU
		{F9FA0883-812F-4738-BBE8-CFC37404FE4E}.Debug|Any CPU.Build.0 = Debug|Any CPU
		{F9FA0883-812F-4738-BBE8-CFC37404FE4E}.Release|Any CPU.ActiveCfg = Release|Any CPU
		{F9FA0883-812F-4738-BBE8-CFC37404FE4E}.Release|Any CPU.Build.0 = Release|Any CPU
		{BFFB0235-3A70-46BF-99AC-2172F3EDF9B3}.Debug|Any CPU.ActiveCfg = Debug|Any CPU
		{BFFB0235-3A70-46BF-99AC-2172F3EDF9B3}.Debug|Any CPU.Build.0 = Debug|Any CPU
		{BFFB0235-3A70-46BF-99AC-2172F3EDF9B3}.Release|Any CPU.ActiveCfg = Release|Any CPU
		{BFFB0235-3A70-46BF-99AC-2172F3EDF9B3}.Release|Any CPU.Build.0 = Release|Any CPU
		{D81131EC-B4C2-4409-A422-7D90B7C07FEA}.Debug|Any CPU.ActiveCfg = Debug|Any CPU
		{D81131EC-B4C2-4409-A422-7D90B7C07FEA}.Debug|Any CPU.Build.0 = Debug|Any CPU
		{D81131EC-B4C2-4409-A422-7D90B7C07FEA}.Release|Any CPU.ActiveCfg = Release|Any CPU
		{D81131EC-B4C2-4409-A422-7D90B7C07FEA}.Release|Any CPU.Build.0 = Release|Any CPU
		{5E8ED9C6-A325-41B6-8D71-C39ADEF3F749}.Debug|Any CPU.ActiveCfg = Debug|Any CPU
		{5E8ED9C6-A325-41B6-8D71-C39ADEF3F749}.Debug|Any CPU.Build.0 = Debug|Any CPU
		{5E8ED9C6-A325-41B6-8D71-C39ADEF3F749}.Release|Any CPU.ActiveCfg = Release|Any CPU
		{5E8ED9C6-A325-41B6-8D71-C39ADEF3F749}.Release|Any CPU.Build.0 = Release|Any CPU
		{1478598A-19E0-4850-9013-B4C0F79CE330}.Debug|Any CPU.ActiveCfg = Debug|Any CPU
		{1478598A-19E0-4850-9013-B4C0F79CE330}.Debug|Any CPU.Build.0 = Debug|Any CPU
		{1478598A-19E0-4850-9013-B4C0F79CE330}.Release|Any CPU.ActiveCfg = Release|Any CPU
		{1478598A-19E0-4850-9013-B4C0F79CE330}.Release|Any CPU.Build.0 = Release|Any CPU
	EndGlobalSection
	GlobalSection(SolutionProperties) = preSolution
		HideSolutionNode = FALSE
	EndGlobalSection
	GlobalSection(ExtensibilityGlobals) = postSolution
		SolutionGuid = {40D29ED5-C7A5-43A8-BDF4-49C62A1B6E63}
	EndGlobalSection
EndGlobal
